// !$*UTF8*$!
{
	archiveVersion = 1;
	classes = {
	};
	objectVersion = 54;
	objects = {

/* Begin PBXBuildFile section */
		A10000000000000000000012 /* main.m in Sources */ = {isa = PBXBuildFile; fileRef = A10000000000000000000009 /* main.m */; };
		A10000000000000000000013 /* UIKit.framework in Frameworks */ = {isa = PBXBuildFile; fileRef = A1000000000000000000000D /* UIKit.framework */; };
		A10000000000000000000014 /* Foundation.framework in Frameworks */ = {isa = PBXBuildFile; fileRef = A1000000000000000000000E /* Foundation.framework */; };
		A10000000000000000000015 /* QuartzCore.framework in Frameworks */ = {isa = PBXBuildFile; fileRef = A1000000000000000000000F /* QuartzCore.framework */; };
		A10000000000000000000016 /* Metal.framework in Frameworks */ = {isa = PBXBuildFile; fileRef = A10000000000000000000010 /* Metal.framework */; };
		A10000000000000000000017 /* CoreFoundation.framework in Frameworks */ = {isa = PBXBuildFile; fileRef = A10000000000000000000011 /* CoreFoundation.framework */; };
/* End PBXBuildFile section */

/* Begin PBXFileReference section */
		A10000000000000000000009 /* main.m */ = {isa = PBXFileReference; lastKnownFileType = sourcecode.c.objc; path = main.m; sourceTree = "<group>"; };
		A1000000000000000000000A /* Info.plist */ = {isa = PBXFileReference; lastKnownFileType = text.plist.xml; path = Info.plist; sourceTree = "<group>"; };
		A1000000000000000000000B /* build-rust.py */ = {isa = PBXFileReference; lastKnownFileType = text.script.python; path = "scripts/build-rust.py"; sourceTree = "<group>"; };
		A1000000000000000000000C /* DearImguiIosSmokeHost.app */ = {isa = PBXFileReference; explicitFileType = wrapper.application; includeInIndex = 0; path = DearImguiIosSmokeHost.app; sourceTree = BUILT_PRODUCTS_DIR; };
		A1000000000000000000000D /* UIKit.framework */ = {isa = PBXFileReference; lastKnownFileType = wrapper.framework; name = UIKit.framework; path = System/Library/Frameworks/UIKit.framework; sourceTree = SDKROOT; };
		A1000000000000000000000E /* Foundation.framework */ = {isa = PBXFileReference; lastKnownFileType = wrapper.framework; name = Foundation.framework; path = System/Library/Frameworks/Foundation.framework; sourceTree = SDKROOT; };
		A1000000000000000000000F /* QuartzCore.framework */ = {isa = PBXFileReference; lastKnownFileType = wrapper.framework; name = QuartzCore.framework; path = System/Library/Frameworks/QuartzCore.framework; sourceTree = SDKROOT; };
		A10000000000000000000010 /* Metal.framework */ = {isa = PBXFileReference; lastKnownFileType = wrapper.framework; name = Metal.framework; path = System/Library/Frameworks/Metal.framework; sourceTree = SDKROOT; };
		A10000000000000000000011 /* CoreFoundation.framework */ = {isa = PBXFileReference; lastKnownFileType = wrapper.framework; name = CoreFoundation.framework; path = System/Library/Frameworks/CoreFoundation.framework; sourceTree = SDKROOT; };
/* End PBXFileReference section */

/* Begin PBXFrameworksBuildPhase section */
		A1000000000000000000001D /* Frameworks */ = {
			isa = PBXFrameworksBuildPhase;
			buildActionMask = 2147483647;
			files = (
				A10000000000000000000017 /* CoreFoundation.framework in Frameworks */,
				A10000000000000000000016 /* Metal.framework in Frameworks */,
				A10000000000000000000015 /* QuartzCore.framework in Frameworks */,
				A10000000000000000000014 /* Foundation.framework in Frameworks */,
				A10000000000000000000013 /* UIKit.framework in Frameworks */,
			);
			runOnlyForDeploymentPostprocessing = 0;
		};
/* End PBXFrameworksBuildPhase section */

/* Begin PBXGroup section */
		A10000000000000000000001 = {
			isa = PBXGroup;
			children = (
				A10000000000000000000008 /* App */,
				A10000000000000000000006 /* Products */,
				A10000000000000000000007 /* Frameworks */,
			);
			sourceTree = "<group>";
		};
		A10000000000000000000006 /* Products */ = {
			isa = PBXGroup;
			children = (
				A1000000000000000000000C /* DearImguiIosSmokeHost.app */,
			);
			name = Products;
			sourceTree = "<group>";
		};
		A10000000000000000000007 /* Frameworks */ = {
			isa = PBXGroup;
			children = (
				A10000000000000000000011 /* CoreFoundation.framework */,
				A10000000000000000000010 /* Metal.framework */,
				A1000000000000000000000F /* QuartzCore.framework */,
				A1000000000000000000000E /* Foundation.framework */,
				A1000000000000000000000D /* UIKit.framework */,
			);
			name = Frameworks;
			sourceTree = "<group>";
		};
		A10000000000000000000008 /* App */ = {
			isa = PBXGroup;
			children = (
				A1000000000000000000000A /* Info.plist */,
				A10000000000000000000009 /* main.m */,
				A10000000000000000000020 /* Scripts */,
			);
			name = App;
			sourceTree = "<group>";
		};
		A10000000000000000000020 /* Scripts */ = {
			isa = PBXGroup;
			children = (
				A1000000000000000000000B /* build-rust.py */,
			);
			path = scripts;
			sourceTree = "<group>";
		};
/* End PBXGroup section */

/* Begin PBXNativeTarget section */
		A10000000000000000000018 /* DearImguiIosSmokeHost */ = {
			isa = PBXNativeTarget;
			buildConfigurationList = A10000000000000000000019 /* Build configuration list for PBXNativeTarget "DearImguiIosSmokeHost" */;
			buildPhases = (
				A1000000000000000000001E /* Build Rust Static Library */,
				A1000000000000000000001C /* Sources */,
				A1000000000000000000001D /* Frameworks */,
			);
			buildRules = (
			);
			dependencies = (
			);
			name = DearImguiIosSmokeHost;
			productName = DearImguiIosSmokeHost;
			productReference = A1000000000000000000000C /* DearImguiIosSmokeHost.app */;
			productType = "com.apple.product-type.application";
		};
/* End PBXNativeTarget section */

/* Begin PBXProject section */
		A10000000000000000000002 /* Project object */ = {
			isa = PBXProject;
			attributes = {
				BuildIndependentTargetsInParallel = YES;
				LastUpgradeCheck = 2620;
				ORGANIZATIONNAME = "dear-imgui-rs";
				TargetAttributes = {
					A10000000000000000000018 = {
						CreatedOnToolsVersion = 26.2;
						ProvisioningStyle = Automatic;
					};
				};
			};
			buildConfigurationList = A10000000000000000000003 /* Build configuration list for PBXProject "DearImguiIosSmokeHost" */;
			compatibilityVersion = "Xcode 13.0";
			developmentRegion = en;
			hasScannedForEncodings = 0;
			knownRegions = (
				en,
				Base,
			);
			mainGroup = A10000000000000000000001;
			productRefGroup = A10000000000000000000006 /* Products */;
			projectDirPath = "";
			projectRoot = "";
			targets = (
				A10000000000000000000018 /* DearImguiIosSmokeHost */,
			);
		};
/* End PBXProject section */

/* Begin PBXShellScriptBuildPhase section */
		A1000000000000000000001E /* Build Rust Static Library */ = {
			isa = PBXShellScriptBuildPhase;
			alwaysOutOfDate = 1;
			buildActionMask = 2147483647;
			files = (
			);
			inputFileListPaths = (
			);
			inputPaths = (
				"$(SRCROOT)/../Cargo.toml",
				"$(SRCROOT)/../src/lib.rs",
				"$(SRCROOT)/scripts/build-rust.py",
			);
			name = "Build Rust Static Library";
			outputFileListPaths = (
			);
			outputPaths = (
				"$(SRCROOT)/build/rust/$(CONFIGURATION)$(EFFECTIVE_PLATFORM_NAME)/libdear_imgui_ios_smoke.a",
			);
			runOnlyForDeploymentPostprocessing = 0;
			shellPath = /bin/sh;
			shellScript = "set -euo pipefail\nexport PATH=\"$HOME/.cargo/bin:/opt/homebrew/bin:/usr/local/bin:$PATH\"\npython3 \"${SRCROOT}/scripts/build-rust.py\"\n";
			showEnvVarsInLog = 0;
		};
/* End PBXShellScriptBuildPhase section */

/* Begin PBXSourcesBuildPhase section */
		A1000000000000000000001C /* Sources */ = {
			isa = PBXSourcesBuildPhase;
			buildActionMask = 2147483647;
			files = (
				A10000000000000000000012 /* main.m in Sources */,
			);
			runOnlyForDeploymentPostprocessing = 0;
		};
/* End PBXSourcesBuildPhase section */

/* Begin XCBuildConfiguration section */
		A10000000000000000000004 /* Debug */ = {
			isa = XCBuildConfiguration;
			buildSettings = {
				ALWAYS_SEARCH_USER_PATHS = NO;
				CLANG_ENABLE_MODULES = YES;
				CLANG_ENABLE_OBJC_ARC = YES;
				COPY_PHASE_STRIP = NO;
				DEBUG_INFORMATION_FORMAT = dwarf;
				ENABLE_STRICT_OBJC_MSGSEND = YES;
				ENABLE_TESTABILITY = YES;
				ENABLE_USER_SCRIPT_SANDBOXING = NO;
				GCC_C_LANGUAGE_STANDARD = gnu11;
				GCC_OPTIMIZATION_LEVEL = 0;
				GCC_PREPROCESSOR_DEFINITIONS = (
					"DEBUG=1",
					"$(inherited)",
				);
				ONLY_ACTIVE_ARCH = YES;
			};
			name = Debug;
		};
		A10000000000000000000005 /* Release */ = {
			isa = XCBuildConfiguration;
			buildSettings = {
				ALWAYS_SEARCH_USER_PATHS = NO;
				CLANG_ENABLE_MODULES = YES;
				CLANG_ENABLE_OBJC_ARC = YES;
				COPY_PHASE_STRIP = NO;
				DEBUG_INFORMATION_FORMAT = "dwarf-with-dsym";
				ENABLE_NS_ASSERTIONS = NO;
				ENABLE_STRICT_OBJC_MSGSEND = YES;
				ENABLE_USER_SCRIPT_SANDBOXING = NO;
				GCC_C_LANGUAGE_STANDARD = gnu11;
			};
			name = Release;
		};
		A1000000000000000000001A /* Debug */ = {
			isa = XCBuildConfiguration;
			buildSettings = {
				CODE_SIGN_STYLE = Automatic;
				DEVELOPMENT_TEAM = "";
				GENERATE_INFOPLIST_FILE = NO;
				INFOPLIST_FILE = "$(SRCROOT)/Info.plist";
				IPHONEOS_DEPLOYMENT_TARGET = 16.0;
				LD_RUNPATH_SEARCH_PATHS = (
					"$(inherited)",
					"@executable_path/Frameworks",
				);
				LIBRARY_SEARCH_PATHS = (
					"$(inherited)",
					"$(SRCROOT)/build/rust/$(CONFIGURATION)$(EFFECTIVE_PLATFORM_NAME)",
				);
				OTHER_LDFLAGS = (
					"$(inherited)",
					"-ldear_imgui_ios_smoke",
					"-lc++",
					"-liconv",
				);
				PRODUCT_BUNDLE_IDENTIFIER = org.dearimgui.ios.smoke.host;
				PRODUCT_NAME = "$(TARGET_NAME)";
				SUPPORTED_PLATFORMS = "iphoneos iphonesimulator";
				TARGETED_DEVICE_FAMILY = "1,2";
				USER_HEADER_SEARCH_PATHS = "$(SRCROOT)/../include";
			};
			name = Debug;
		};
		A1000000000000000000001B /* Release */ = {
			isa = XCBuildConfiguration;
			buildSettings = {
				CODE_SIGN_STYLE = Automatic;
				DEVELOPMENT_TEAM = "";
				GENERATE_INFOPLIST_FILE = NO;
				INFOPLIST_FILE = "$(SRCROOT)/Info.plist";
				IPHONEOS_DEPLOYMENT_TARGET = 16.0;
				LD_RUNPATH_SEARCH_PATHS = (
					"$(inherited)",
					"@executable_path/Frameworks",
				);
				LIBRARY_SEARCH_PATHS = (
					"$(inherited)",
					"$(SRCROOT)/build/rust/$(CONFIGURATION)$(EFFECTIVE_PLATFORM_NAME)",
				);
				OTHER_LDFLAGS = (
					"$(inherited)",
					"-ldear_imgui_ios_smoke",
					"-lc++",
					"-liconv",
				);
				PRODUCT_BUNDLE_IDENTIFIER = org.dearimgui.ios.smoke.host;
				PRODUCT_NAME = "$(TARGET_NAME)";
				SUPPORTED_PLATFORMS = "iphoneos iphonesimulator";
				TARGETED_DEVICE_FAMILY = "1,2";
				USER_HEADER_SEARCH_PATHS = "$(SRCROOT)/../include";
				VALIDATE_PRODUCT = YES;
			};
			name = Release;
		};
/* End XCBuildConfiguration section */

/* Begin XCConfigurationList section */
		A10000000000000000000003 /* Build configuration list for PBXProject "DearImguiIosSmokeHost" */ = {
			isa = XCConfigurationList;
			buildConfigurations = (
				A10000000000000000000004 /* Debug */,
				A10000000000000000000005 /* Release */,
			);
			defaultConfigurationIsVisible = 0;
			defaultConfigurationName = Release;
		};
		A10000000000000000000019 /* Build configuration list for PBXNativeTarget "DearImguiIosSmokeHost" */ = {
			isa = XCConfigurationList;
			buildConfigurations = (
				A1000000000000000000001A /* Debug */,
				A1000000000000000000001B /* Release */,
			);
			defaultConfigurationIsVisible = 0;
			defaultConfigurationName = Release;
		};
/* End XCConfigurationList section */
	};
	rootObject = A10000000000000000000002 /* Project object */;
}
